
Microsoft Visual Studio Solution File, Format Version 12.00
# Visual Studio Version 17
VisualStudioVersion = 17.5.33516.290
MinimumVisualStudioVersion = 10.0.40219.1
Project("{FAE04EC0-301F-11D3-BF4B-00C04F79EFBC}") = "ShoppingCartAssignment1", "ShoppingCartAssignment1\ShoppingCartAssignment1.csproj", "{8EB7305E-A5D7-4934-9766-D95C9DFA2515}"
EndProject
Global
	GlobalSection(SolutionConfigurationPlatforms) = preSolution
		Debug|Any CPU = Debug|Any CPU
		Release|Any CPU = Release|Any CPU
	EndGlobalSection
	GlobalSection(ProjectConfigurationPlatforms) = postSolution
		{8EB7305E-A5D7-4934-9766-D95C9DFA2515}.Debug|Any CPU.ActiveCfg = Debug|Any CPU
		{8EB7305E-A5D7-4934-9766-D95C9DFA2515}.Debug|Any CPU.Build.0 = Debug|Any CPU
		{8EB7305E-A5D7-4934-9766-D95C9DFA2515}.Release|Any CPU.ActiveCfg = Release|Any CPU
		{8EB7305E-A5D7-4934-9766-D95C9DFA2515}.Release|Any CPU.Build.0 = Release|Any CPU
	EndGlobalSection
	GlobalSection(SolutionProperties) = preSolution
		HideSolutionNode = FALSE
	EndGlobalSection
	GlobalSection(ExtensibilityGlobals) = postSolution
		SolutionGuid = {548F6410-7D91-4249-A3F1-74CEF8749968}
	EndGlobalSection
EndGlobal
